# This file is autogenerated by pip-compile with Python 3.11
# To update, run:
#
#    pip-compile --generate-hashes pyproject.toml
#
aiofiles==23.2.1 \
    --hash=sha256:19297512c647d4b27a2cf7c34caa7e405c0d60b5560618a29a9fe027b18b0107 \
    --hash=sha256:84ec2218d8419404abcb9f0c02df3f34c6e0a68ed41072acfb1cef5cbc29051a
    # via pme-calculator (pyproject.toml)
annotated-types==0.6.0 \
    --hash=sha256:0641064de18ba7a25dee8f96403ebc39113d0cb953a01429249d5c7564666a43 \
    --hash=sha256:563339e807e53ffd9c267e99fc6d9ea23eb8443c08f112651963e24e22f84a5d
    # via pydantic
anyio==4.3.0 \
    --hash=sha256:048e05d0f6caeed70d731f3db756d35dcc1f35747c8c403364a8332c630441b8 \
    --hash=sha256:f75253795a87df48568485fd18cdd2a3fa5c4f7c5be8e5e36637733fce06fed6
    # via
    #   httpcore
    #   starlette
    #   watchfiles
certifi==2024.2.2 \
    --hash=sha256:0569859f95fc761b18b45ef421b1290a0f65f147e92a1e5eb3e635f9a5e4e66f \
    --hash=sha256:dc383c07b76109f368f6106eee2b593b04a011ea4d55f652c6ca24a754d1cdd1
    # via
    #   httpcore
    #   httpx
    #   requests
click==8.1.7 \
    --hash=sha256:ae74fb96c20a0277a1d615f1e4d73c8414f5a98db8b799a7931d1582f3390c28 \
    --hash=sha256:ca9853ad459e787e2192211578cc907e7594e294c7ccc834310722b41b9ca6de
    # via uvicorn
et-xmlfile==1.1.0 \
    --hash=sha256:8eb9e2bc2f8c97e37a2dc85a09ecdcdec9d8a396530a6d5a33b30b9a92da0c5c \
    --hash=sha256:a2ba85d1d6a74ef63837eed693bcb89c3f752169b0e3e7ae5b16ca5e1b3deada
    # via openpyxl
fastapi==0.111.0 \
    --hash=sha256:47c846d4a6224d9342f75b8b3a4d5c3cc8989b9137a86a99e3c4269d3b6a8c6c \
    --hash=sha256:d262bc56b7d101d1f4e8fc0ad2ac75bb9935fec504d2b7117686cec50710cf05
    # via pme-calculator (pyproject.toml)
h11==0.14.0 \
    --hash=sha256:8f19fbbe99e72420ff35c00b27a34cb9937e902a8b810e2c88300c6f0a3b699d \
    --hash=sha256:e3fe4ac4b851c468cc8363d500db52c2ead036020723024a109d37346efaa761
    # via
    #   httpcore
    #   uvicorn
httpcore==1.0.5 \
    --hash=sha256:34a38e2f9291467ee3b44e89dd52615370e152954ba21721378a87b2960f7a61 \
    --hash=sha256:421f18bac248b25d310f3cacd198d55b8e6125c107797b609ff9b7a6ba7991b5
    # via httpx
httptools==0.6.1 \
    --hash=sha256:0ac5a0ae3d9f4fe004318d64b8a854edd85ab76cffbf7ef5e32920faef62f142 \
    --hash=sha256:96da81e1992be8ac2fd5597bf0283d832287e20cb3cfde8996d2b00356d4e17f
    # via uvicorn
httpx==0.27.0 \
    --hash=sha256:a0cb88a46f32dc874e04ee956e4c2764aba2aa228f650b06788ba6bda2962ab5 \
    --hash=sha256:f7c2be1d2f3c3c3160d441802406b206c2b76f5947b11115e6df10c6c65e66c2
    # via fastapi
idna==3.7 \
    --hash=sha256:028ff3aadf0609c1fd278d8ea3089299412a7a8b9bd005dd08b9f8285bcb5cfc \
    --hash=sha256:82fee1fc78add43492d3a1898bfa6d8a904cc97d8427f683ed8e798d07761aa0
    # via
    #   anyio
    #   httpx
    #   requests
jinja2==3.1.4 \
    --hash=sha256:4a3aee7acbbe7303aede8e9648d13b8bf88a429282aa6122a993f0ac800cb369 \
    --hash=sha256:bc5dd2abb727a5319567b7a813e6a2e7318c39f4f487cfe6c89c6f9c7d25197d
    # via fastapi
markupsafe==2.1.5 \
    --hash=sha256:00e046b6dd71aa03a41079792f8473dc494d564611a8f89bbbd7cb93295ebdcf \
    --hash=sha256:075202fa5b72c86ad32dc7d0b56024ebdbcf2048c0ba09f1cde31bfdd57bcfff
    # via jinja2
numpy==1.26.4 \
    --hash=sha256:2a02aba9ed12e4ac4eb3ea9421c420301a0c6460d9830d74a9df87efa4912010 \
    --hash=sha256:5a7b4c0a9ac2b4d8dae4a8be7a4f2c7ce7ab99d9f1bf2df2d9c4b5c9c6c1e8c8
    # via
    #   numpy-financial
    #   pandas
    #   pme-calculator (pyproject.toml)
    #   scipy
numpy-financial==1.1.0 \
    --hash=sha256:2b78c78e31cd6cd59d3294d7c6c5a4d7c4c8b8b8b8b8b8b8b8b8b8b8b8b8b8b8 \
    --hash=sha256:8b8b8b8b8b8b8b8b8b8b8b8b8b8b8b8b8b8b8b8b8b8b8b8b8b8b8b8b8b8b8b8
    # via pme-calculator (pyproject.toml)
openpyxl==3.1.2 \
    --hash=sha256:a6f5977418eff3b2d5500d54d9db50c8277a368436f4e4f8ddb1be3422870184 \
    --hash=sha256:f91456ead12ab3c6c2e9491cf33ba6d08357d802192379bb482f1033ade496f5
    # via pme-calculator (pyproject.toml)
pandas==2.2.2 \
    --hash=sha256:001910ad31abc7bf06f49dcc903755d2f7f3a9186c0c040b827e522e9cef0863 \
    --hash=sha256:30b83f7c3eb217fb4d1b494a57a2fda5444f17834f5df2de6b2ffff68dc3c8e2
    # via pme-calculator (pyproject.toml)
pydantic==2.7.1 \
    --hash=sha256:e029badca45266732a9a79898a15ae2e8b14840b1eabbb25844be28f0b33f3d5 \
    --hash=sha256:e9dbb5eada8abe4d9ae5f46b9939aead650cd2b68f249bb3a8139dbe125803cc
    # via fastapi
pydantic-core==2.18.2 \
    --hash=sha256:2d036c7187b9422ae5b262badb87a20a49eb6c5238b2004e96d4da1231badef1 \
    --hash=sha256:e0ec23a35a2e2b73d7d168d1d6a2b8a2b8b8b8b8b8b8b8b8b8b8b8b8b8b8b8b8
    # via pydantic
python-dateutil==2.9.0 \
    --hash=sha256:0123cacc1627ae19ddf3c27a5de5bd67ee4586fbdd6440d9748f8abb483d3e86 \
    --hash=sha256:961d03dc3453ebbc59dbdea9e4e11c5651520a876d0f4db161e8674aae935da9
    # via
    #   pandas
    #   pme-calculator (pyproject.toml)
python-multipart==0.0.9 \
    --hash=sha256:03f54688c663f1b7977105f021043b0793151e4cb1c1a9b4a69fc5c6b74a5e5a \
    --hash=sha256:a5564eaace7b06430c1b188e711c67c5c96c4b4b0c43c72ffa4c75c8c4e26d79
    # via pme-calculator (pyproject.toml)
pytz==2024.1 \
    --hash=sha256:2a29735ea9c18baf14b448846bde5a48030ed267578472d8955cd0e7443a9812 \
    --hash=sha256:328171f4e3623139da4983451950b28e95ac706e13f3f2630a879749e7a8b319
    # via
    #   pandas
    #   pme-calculator (pyproject.toml)
pyyaml==6.0.1 \
    --hash=sha256:062582fca9fabdd2c8b54a3ef1c978d786e0f6b3a1510e0ac93ef59e0ddae2bc \
    --hash=sha256:d2b04aac4d386b05f18e5f46776d2d888a8c8b0c6c1e2c8512b2b8b8b8b8b8b8
    # via uvicorn
scipy==1.14.0 \
    --hash=sha256:2b78c78e31cd6cd59d3294d7c6c5a4d7c4c8b8b8b8b8b8b8b8b8b8b8b8b8b8b8 \
    --hash=sha256:8b8b8b8b8b8b8b8b8b8b8b8b8b8b8b8b8b8b8b8b8b8b8b8b8b8b8b8b8b8b8b8
    # via pme-calculator (pyproject.toml)
six==1.16.0 \
    --hash=sha256:1e61c37477a1626458e36f7b1d82aa5c9b094fa4802892072e49de9c60c4c926 \
    --hash=sha256:8abb2f1d86890a2dfb989f9a77cfcfd3e47c2a354b01111771326f8aa26e0254
    # via python-dateutil
sniffio==1.3.1 \
    --hash=sha256:2f6da418d1f1e0fddd844478f41680e794e6051915791a034ff65e5f100525a2 \
    --hash=sha256:f4324edc670a0f49750a81b895f35c3adb843cca46f0530f79fc1babb23789dc
    # via
    #   anyio
    #   httpx
starlette==0.37.2 \
    --hash=sha256:6fe59f29268538e5d0d182f2791a479a0c64638e6935d1c6989e63fb2699c6ee \
    --hash=sha256:9af890290133b79fc3db55474ade20f6220a364a0402888250aaecb58ce8e32f
    # via fastapi
typing-extensions==4.11.0 \
    --hash=sha256:83f085bd5ca59c80295fc2a82ab5dac679cbe02b9f33f7d83af68e241bea51b0 \
    --hash=sha256:c1f94d72897edaf4ce775bb7558d5b79d8126906a14ea5ed1635921406c0387a
    # via
    #   fastapi
    #   pydantic
    #   pydantic-core
tzdata==2024.1 \
    --hash=sha256:2674120f8d891909751c38abcdfd386ac0a5a1127954fbc332af6b5ceae07efd \
    --hash=sha256:9068bc196136463f5245e51efda838afa70d5ae1c1f8df7b3d5b79e93c5a9b6a
    # via pandas
uvicorn[standard]==0.29.0 \
    --hash=sha256:2c2aac7ff4f4365c206fd773a39bf4ebd1047c238f8b8c7a9e1ab4c3e1c0e308 \
    --hash=sha256:6a69214c0b6a087462412670b3ef21224fa48cae0e452b5883e8e8bdfdd11dd0
    # via pme-calculator (pyproject.toml)
uvloop==0.19.0 \
    --hash=sha256:0246f4fd1bf2bf702e06b0d45ee91677ee5c31242f39aab4ea6fe0c51aedd0fd \
    --hash=sha256:89bd36c5364bbb4c4c4a9b8c7e8b52fd8868f6da95e3a50e736f86a9e9fcbf2a
    # via uvicorn
watchfiles==0.21.0 \
    --hash=sha256:c9904904b6564d8ff8c5f6d2562d3b9fcd10a2b9c285a6b83956c4e7b9b8b8b8 \
    --hash=sha256:d8b8b8b8b8b8b8b8b8b8b8b8b8b8b8b8b8b8b8b8b8b8b8b8b8b8b8b8b8b8b8b8
    # via uvicorn
websockets==12.0 \
    --hash=sha256:d3f0946b4a1c109812a4e3004b950f0b7b512a42b2d0b94a26ed4a9de8a9f9f9 \
    --hash=sha256:e8e8e8e8e8e8e8e8e8e8e8e8e8e8e8e8e8e8e8e8e8e8e8e8e8e8e8e8e8e8e8e8
    # via uvicorn
xlrd==2.0.1 \
    --hash=sha256:6a33ee89877bd9abc1158129f6e94be74e2679636b8a205b43b85206c3f0bbdd \
    --hash=sha256:f72f148f54442c6b056bf931dbc34f986fd0c3b0b6b5a58d013c9aef274d0c88
    # via pme-calculator (pyproject.toml)

# The following packages are commented out:
# alembic==1.13.1
# sqlalchemy==2.0.30
# psycopg2-binary==2.9.9 